// !$*UTF8*$!
{
	archiveVersion = 1;
	classes = {
	};
	objectVersion = 46;
	objects = {

/* Begin PBXBuildFile section */
		E21E0CDA18034FE300986B2C /* Foundation.framework in Frameworks */ = {isa = PBXBuildFile; fileRef = E21E0CD918034FE300986B2C /* Foundation.framework */; };
		E21E0CDC18034FE300986B2C /* CoreGraphics.framework in Frameworks */ = {isa = PBXBuildFile; fileRef = E21E0CDB18034FE300986B2C /* CoreGraphics.framework */; };
		E21E0CDE18034FE300986B2C /* UIKit.framework in Frameworks */ = {isa = PBXBuildFile; fileRef = E21E0CDD18034FE300986B2C /* UIKit.framework */; };
		E21E0CE418034FE300986B2C /* InfoPlist.strings in Resources */ = {isa = PBXBuildFile; fileRef = E21E0CE218034FE300986B2C /* InfoPlist.strings */; };
		E21E0CE618034FE300986B2C /* main.m in Sources */ = {isa = PBXBuildFile; fileRef = E21E0CE518034FE300986B2C /* main.m */; };
		E21E0CEA18034FE300986B2C /* AppDelegate.m in Sources */ = {isa = PBXBuildFile; fileRef = E21E0CE918034FE300986B2C /* AppDelegate.m */; };
		E21E0CEC18034FE300986B2C /* Images.xcassets in Resources */ = {isa = PBXBuildFile; fileRef = E21E0CEB18034FE300986B2C /* Images.xcassets */; };
		E21E0CF318034FE300986B2C /* XCTest.framework in Frameworks */ = {isa = PBXBuildFile; fileRef = E21E0CF218034FE300986B2C /* XCTest.framework */; };
		E21E0CF418034FE300986B2C /* Foundation.framework in Frameworks */ = {isa = PBXBuildFile; fileRef = E21E0CD918034FE300986B2C /* Foundation.framework */; };
		E21E0CF518034FE300986B2C /* UIKit.framework in Frameworks */ = {isa = PBXBuildFile; fileRef = E21E0CDD18034FE300986B2C /* UIKit.framework */; };
		E21E0CFD18034FE300986B2C /* InfoPlist.strings in Resources */ = {isa = PBXBuildFile; fileRef = E21E0CFB18034FE300986B2C /* InfoPlist.strings */; };
		E21E0CFF18034FE300986B2C /* CollectionViewDemoTests.m in Sources */ = {isa = PBXBuildFile; fileRef = E21E0CFE18034FE300986B2C /* CollectionViewDemoTests.m */; };
		E21E0D091803500F00986B2C /* Storyboard.storyboard in Resources */ = {isa = PBXBuildFile; fileRef = E21E0D081803500F00986B2C /* Storyboard.storyboard */; };
		E21E0D0F1803506900986B2C /* DemoCollectionViewController.m in Sources */ = {isa = PBXBuildFile; fileRef = E21E0D0E1803506900986B2C /* DemoCollectionViewController.m */; };
		E21E0D12180350B000986B2C /* MyDemoLayout.m in Sources */ = {isa = PBXBuildFile; fileRef = E21E0D11180350B000986B2C /* MyDemoLayout.m */; };
		E21E0D151803514600986B2C /* CollectionViewDataSource.m in Sources */ = {isa = PBXBuildFile; fileRef = E21E0D141803514600986B2C /* CollectionViewDataSource.m */; };
		E21E0D181803544C00986B2C /* DemoCollectionViewCell.xib in Resources */ = {isa = PBXBuildFile; fileRef = E21E0D171803544C00986B2C /* DemoCollectionViewCell.xib */; };
		E21E0D1E180354C200986B2C /* DemoCollectionViewCell.m in Sources */ = {isa = PBXBuildFile; fileRef = E21E0D1D180354C200986B2C /* DemoCollectionViewCell.m */; };
		E21E0D221803731500986B2C /* UIColor+Random.m in Sources */ = {isa = PBXBuildFile; fileRef = E21E0D211803731500986B2C /* UIColor+Random.m */; };
/* End PBXBuildFile section */

/* Begin PBXContainerItemProxy section */
		E21E0CF618034FE300986B2C /* PBXContainerItemProxy */ = {
			isa = PBXContainerItemProxy;
			containerPortal = E21E0CCE18034FE200986B2C /* Project object */;
			proxyType = 1;
			remoteGlobalIDString = E21E0CD518034FE300986B2C;
			remoteInfo = CollectionViewDemo;
		};
/* End PBXContainerItemProxy section */

/* Begin PBXFileReference section */
		E21E0CD618034FE300986B2C /* CollectionViewDemo.app */ = {isa = PBXFileReference; explicitFileType = wrapper.application; includeInIndex = 0; path = CollectionViewDemo.app; sourceTree = BUILT_PRODUCTS_DIR; };
		E21E0CD918034FE300986B2C /* Foundation.framework */ = {isa = PBXFileReference; lastKnownFileType = wrapper.framework; name = Foundation.framework; path = System/Library/Frameworks/Foundation.framework; sourceTree = SDKROOT; };
		E21E0CDB18034FE300986B2C /* CoreGraphics.framework */ = {isa = PBXFileReference; lastKnownFileType = wrapper.framework; name = CoreGraphics.framework; path = System/Library/Frameworks/CoreGraphics.framework; sourceTree = SDKROOT; };
		E21E0CDD18034FE300986B2C /* UIKit.framework */ = {isa = PBXFileReference; lastKnownFileType = wrapper.framework; name = UIKit.framework; path = System/Library/Frameworks/UIKit.framework; sourceTree = SDKROOT; };
		E21E0CE118034FE300986B2C /* CollectionViewDemo-Info.plist */ = {isa = PBXFileReference; lastKnownFileType = text.plist.xml; path = "CollectionViewDemo-Info.plist"; sourceTree = "<group>"; };
		E21E0CE318034FE300986B2C /* en */ = {isa = PBXFileReference; lastKnownFileType = text.plist.strings; name = en; path = en.lproj/InfoPlist.strings; sourceTree = "<group>"; };
		E21E0CE518034FE300986B2C /* main.m */ = {isa = PBXFileReference; lastKnownFileType = sourcecode.c.objc; path = main.m; sourceTree = "<group>"; };
		E21E0CE718034FE300986B2C /* CollectionViewDemo-Prefix.pch */ = {isa = PBXFileReference; lastKnownFileType = sourcecode.c.h; path = "CollectionViewDemo-Prefix.pch"; sourceTree = "<group>"; };
		E21E0CE818034FE300986B2C /* AppDelegate.h */ = {isa = PBXFileReference; lastKnownFileType = sourcecode.c.h; path = AppDelegate.h; sourceTree = "<group>"; };
		E21E0CE918034FE300986B2C /* AppDelegate.m */ = {isa = PBXFileReference; lastKnownFileType = sourcecode.c.objc; path = AppDelegate.m; sourceTree = "<group>"; };
		E21E0CEB18034FE300986B2C /* Images.xcassets */ = {isa = PBXFileReference; lastKnownFileType = folder.assetcatalog; path = Images.xcassets; sourceTree = "<group>"; };
		E21E0CF118034FE300986B2C /* CollectionViewDemoTests.xctest */ = {isa = PBXFileReference; explicitFileType = wrapper.cfbundle; includeInIndex = 0; path = CollectionViewDemoTests.xctest; sourceTree = BUILT_PRODUCTS_DIR; };
		E21E0CF218034FE300986B2C /* XCTest.framework */ = {isa = PBXFileReference; lastKnownFileType = wrapper.framework; name = XCTest.framework; path = Library/Frameworks/XCTest.framework; sourceTree = DEVELOPER_DIR; };
		E21E0CFA18034FE300986B2C /* CollectionViewDemoTests-Info.plist */ = {isa = PBXFileReference; lastKnownFileType = text.plist.xml; path = "CollectionViewDemoTests-Info.plist"; sourceTree = "<group>"; };
		E21E0CFC18034FE300986B2C /* en */ = {isa = PBXFileReference; lastKnownFileType = text.plist.strings; name = en; path = en.lproj/InfoPlist.strings; sourceTree = "<group>"; };
		E21E0CFE18034FE300986B2C /* CollectionViewDemoTests.m */ = {isa = PBXFileReference; lastKnownFileType = sourcecode.c.objc; path = CollectionViewDemoTests.m; sourceTree = "<group>"; };
		E21E0D081803500F00986B2C /* Storyboard.storyboard */ = {isa = PBXFileReference; fileEncoding = 4; lastKnownFileType = file.storyboard; path = Storyboard.storyboard; sourceTree = "<group>"; };
		E21E0D0D1803506900986B2C /* DemoCollectionViewController.h */ = {isa = PBXFileReference; fileEncoding = 4; lastKnownFileType = sourcecode.c.h; path = DemoCollectionViewController.h; sourceTree = "<group>"; };
		E21E0D0E1803506900986B2C /* DemoCollectionViewController.m */ = {isa = PBXFileReference; fileEncoding = 4; lastKnownFileType = sourcecode.c.objc; path = DemoCollectionViewController.m; sourceTree = "<group>"; };
		E21E0D10180350B000986B2C /* MyDemoLayout.h */ = {isa = PBXFileReference; fileEncoding = 4; lastKnownFileType = sourcecode.c.h; path = MyDemoLayout.h; sourceTree = "<group>"; };
		E21E0D11180350B000986B2C /* MyDemoLayout.m */ = {isa = PBXFileReference; fileEncoding = 4; lastKnownFileType = sourcecode.c.objc; path = MyDemoLayout.m; sourceTree = "<group>"; };
		E21E0D131803514600986B2C /* CollectionViewDataSource.h */ = {isa = PBXFileReference; fileEncoding = 4; lastKnownFileType = sourcecode.c.h; path = CollectionViewDataSource.h; sourceTree = "<group>"; };
		E21E0D141803514600986B2C /* CollectionViewDataSource.m */ = {isa = PBXFileReference; fileEncoding = 4; lastKnownFileType = sourcecode.c.objc; path = CollectionViewDataSource.m; sourceTree = "<group>"; };
		E21E0D171803544C00986B2C /* DemoCollectionViewCell.xib */ = {isa = PBXFileReference; fileEncoding = 4; lastKnownFileType = file.xib; path = DemoCollectionViewCell.xib; sourceTree = "<group>"; };
		E21E0D1C180354C200986B2C /* DemoCollectionViewCell.h */ = {isa = PBXFileReference; fileEncoding = 4; lastKnownFileType = sourcecode.c.h; path = DemoCollectionViewCell.h; sourceTree = "<group>"; };
		E21E0D1D180354C200986B2C /* DemoCollectionViewCell.m */ = {isa = PBXFileReference; fileEncoding = 4; lastKnownFileType = sourcecode.c.objc; path = DemoCollectionViewCell.m; sourceTree = "<group>"; };
		E21E0D201803731500986B2C /* UIColor+Random.h */ = {isa = PBXFileReference; fileEncoding = 4; lastKnownFileType = sourcecode.c.h; path = "UIColor+Random.h"; sourceTree = "<group>"; };
		E21E0D211803731500986B2C /* UIColor+Random.m */ = {isa = PBXFileReference; fileEncoding = 4; lastKnownFileType = sourcecode.c.objc; path = "UIColor+Random.m"; sourceTree = "<group>"; };
/* End PBXFileReference section */

/* Begin PBXFrameworksBuildPhase section */
		E21E0CD318034FE300986B2C /* Frameworks */ = {
			isa = PBXFrameworksBuildPhase;
			buildActionMask = 2147483647;
			files = (
				E21E0CDC18034FE300986B2C /* CoreGraphics.framework in Frameworks */,
				E21E0CDE18034FE300986B2C /* UIKit.framework in Frameworks */,
				E21E0CDA18034FE300986B2C /* Foundation.framework in Frameworks */,
			);
			runOnlyForDeploymentPostprocessing = 0;
		};
		E21E0CEE18034FE300986B2C /* Frameworks */ = {
			isa = PBXFrameworksBuildPhase;
			buildActionMask = 2147483647;
			files = (
				E21E0CF318034FE300986B2C /* XCTest.framework in Frameworks */,
				E21E0CF518034FE300986B2C /* UIKit.framework in Frameworks */,
				E21E0CF418034FE300986B2C /* Foundation.framework in Frameworks */,
			);
			runOnlyForDeploymentPostprocessing = 0;
		};
/* End PBXFrameworksBuildPhase section */

/* Begin PBXGroup section */
		E21E0CCD18034FE200986B2C = {
			isa = PBXGroup;
			children = (
				E21E0CDF18034FE300986B2C /* CollectionViewDemo */,
				E21E0CF818034FE300986B2C /* CollectionViewDemoTests */,
				E21E0CD818034FE300986B2C /* Frameworks */,
				E21E0CD718034FE300986B2C /* Products */,
			);
			sourceTree = "<group>";
		};
		E21E0CD718034FE300986B2C /* Products */ = {
			isa = PBXGroup;
			children = (
				E21E0CD618034FE300986B2C /* CollectionViewDemo.app */,
				E21E0CF118034FE300986B2C /* CollectionViewDemoTests.xctest */,
			);
			name = Products;
			sourceTree = "<group>";
		};
		E21E0CD818034FE300986B2C /* Frameworks */ = {
			isa = PBXGroup;
			children = (
				E21E0CD918034FE300986B2C /* Foundation.framework */,
				E21E0CDB18034FE300986B2C /* CoreGraphics.framework */,
				E21E0CDD18034FE300986B2C /* UIKit.framework */,
				E21E0CF218034FE300986B2C /* XCTest.framework */,
			);
			name = Frameworks;
			sourceTree = "<group>";
		};
		E21E0CDF18034FE300986B2C /* CollectionViewDemo */ = {
			isa = PBXGroup;
			children = (
				E21E0D1F1803730400986B2C /* Categories */,
				E21E0D0C1803503C00986B2C /* Model */,
				E21E0D0B1803502E00986B2C /* View */,
				E21E0D0A1803501F00986B2C /* Controller */,
				E21E0CEB18034FE300986B2C /* Images.xcassets */,
				E21E0CE018034FE300986B2C /* Supporting Files */,
			);
			path = CollectionViewDemo;
			sourceTree = "<group>";
		};
		E21E0CE018034FE300986B2C /* Supporting Files */ = {
			isa = PBXGroup;
			children = (
				E21E0CE818034FE300986B2C /* AppDelegate.h */,
				E21E0CE918034FE300986B2C /* AppDelegate.m */,
				E21E0CE118034FE300986B2C /* CollectionViewDemo-Info.plist */,
				E21E0CE218034FE300986B2C /* InfoPlist.strings */,
				E21E0CE518034FE300986B2C /* main.m */,
				E21E0CE718034FE300986B2C /* CollectionViewDemo-Prefix.pch */,
				E21E0D081803500F00986B2C /* Storyboard.storyboard */,
			);
			name = "Supporting Files";
			sourceTree = "<group>";
		};
		E21E0CF818034FE300986B2C /* CollectionViewDemoTests */ = {
			isa = PBXGroup;
			children = (
				E21E0CFE18034FE300986B2C /* CollectionViewDemoTests.m */,
				E21E0CF918034FE300986B2C /* Supporting Files */,
			);
			path = CollectionViewDemoTests;
			sourceTree = "<group>";
		};
		E21E0CF918034FE300986B2C /* Supporting Files */ = {
			isa = PBXGroup;
			children = (
				E21E0CFA18034FE300986B2C /* CollectionViewDemoTests-Info.plist */,
				E21E0CFB18034FE300986B2C /* InfoPlist.strings */,
			);
			name = "Supporting Files";
			sourceTree = "<group>";
		};
		E21E0D0A1803501F00986B2C /* Controller */ = {
			isa = PBXGroup;
			children = (
				E21E0D0D1803506900986B2C /* DemoCollectionViewController.h */,
				E21E0D0E1803506900986B2C /* DemoCollectionViewController.m */,
			);
			path = Controller;
			sourceTree = "<group>";
		};
		E21E0D0B1803502E00986B2C /* View */ = {
			isa = PBXGroup;
			children = (
				E21E0D1B180354A300986B2C /* Cells */,
				E21E0D1A1803549600986B2C /* DataSource */,
				E21E0D191803548D00986B2C /* Layout */,
			);
			path = View;
			sourceTree = "<group>";
		};
		E21E0D0C1803503C00986B2C /* Model */ = {
			isa = PBXGroup;
			children = (
			);
			path = Model;
			sourceTree = "<group>";
		};
		E21E0D191803548D00986B2C /* Layout */ = {
			isa = PBXGroup;
			children = (
				E21E0D10180350B000986B2C /* MyDemoLayout.h */,
				E21E0D11180350B000986B2C /* MyDemoLayout.m */,
			);
			name = Layout;
			sourceTree = "<group>";
		};
		E21E0D1A1803549600986B2C /* DataSource */ = {
			isa = PBXGroup;
			children = (
				E21E0D131803514600986B2C /* CollectionViewDataSource.h */,
				E21E0D141803514600986B2C /* CollectionViewDataSource.m */,
			);
			name = DataSource;
			sourceTree = "<group>";
		};
		E21E0D1B180354A300986B2C /* Cells */ = {
			isa = PBXGroup;
			children = (
				E21E0D171803544C00986B2C /* DemoCollectionViewCell.xib */,
				E21E0D1C180354C200986B2C /* DemoCollectionViewCell.h */,
				E21E0D1D180354C200986B2C /* DemoCollectionViewCell.m */,
			);
			name = Cells;
			sourceTree = "<group>";
		};
		E21E0D1F1803730400986B2C /* Categories */ = {
			isa = PBXGroup;
			children = (
				E21E0D201803731500986B2C /* UIColor+Random.h */,
				E21E0D211803731500986B2C /* UIColor+Random.m */,
			);
			path = Categories;
			sourceTree = "<group>";
		};
/* End PBXGroup section */

/* Begin PBXNativeTarget section */
		E21E0CD518034FE300986B2C /* CollectionViewDemo */ = {
			isa = PBXNativeTarget;
			buildConfigurationList = E21E0D0218034FE300986B2C /* Build configuration list for PBXNativeTarget "CollectionViewDemo" */;
			buildPhases = (
				E21E0CD218034FE300986B2C /* Sources */,
				E21E0CD318034FE300986B2C /* Frameworks */,
				E21E0CD418034FE300986B2C /* Resources */,
			);
			buildRules = (
			);
			dependencies = (
			);
			name = CollectionViewDemo;
			productName = CollectionViewDemo;
			productReference = E21E0CD618034FE300986B2C /* CollectionViewDemo.app */;
			productType = "com.apple.product-type.application";
		};
		E21E0CF018034FE300986B2C /* CollectionViewDemoTests */ = {
			isa = PBXNativeTarget;
			buildConfigurationList = E21E0D0518034FE300986B2C /* Build configuration list for PBXNativeTarget "CollectionViewDemoTests" */;
			buildPhases = (
				E21E0CED18034FE300986B2C /* Sources */,
				E21E0CEE18034FE300986B2C /* Frameworks */,
				E21E0CEF18034FE300986B2C /* Resources */,
			);
			buildRules = (
			);
			dependencies = (
				E21E0CF718034FE300986B2C /* PBXTargetDependency */,
			);
			name = CollectionViewDemoTests;
			productName = CollectionViewDemoTests;
			productReference = E21E0CF118034FE300986B2C /* CollectionViewDemoTests.xctest */;
			productType = "com.apple.product-type.bundle.unit-test";
		};
/* End PBXNativeTarget section */

/* Begin PBXProject section */
		E21E0CCE18034FE200986B2C /* Project object */ = {
			isa = PBXProject;
			attributes = {
				LastUpgradeCheck = 0500;
				ORGANIZATIONNAME = "Duchy Software Limited";
				TargetAttributes = {
					E21E0CF018034FE300986B2C = {
						TestTargetID = E21E0CD518034FE300986B2C;
					};
				};
			};
			buildConfigurationList = E21E0CD118034FE200986B2C /* Build configuration list for PBXProject "CollectionViewDemo" */;
			compatibilityVersion = "Xcode 3.2";
			developmentRegion = English;
			hasScannedForEncodings = 0;
			knownRegions = (
				en,
			);
			mainGroup = E21E0CCD18034FE200986B2C;
			productRefGroup = E21E0CD718034FE300986B2C /* Products */;
			projectDirPath = "";
			projectRoot = "";
			targets = (
				E21E0CD518034FE300986B2C /* CollectionViewDemo */,
				E21E0CF018034FE300986B2C /* CollectionViewDemoTests */,
			);
		};
/* End PBXProject section */

/* Begin PBXResourcesBuildPhase section */
		E21E0CD418034FE300986B2C /* Resources */ = {
			isa = PBXResourcesBuildPhase;
			buildActionMask = 2147483647;
			files = (
				E21E0CE418034FE300986B2C /* InfoPlist.strings in Resources */,
				E21E0CEC18034FE300986B2C /* Images.xcassets in Resources */,
				E21E0D091803500F00986B2C /* Storyboard.storyboard in Resources */,
				E21E0D181803544C00986B2C /* DemoCollectionViewCell.xib in Resources */,
			);
			runOnlyForDeploymentPostprocessing = 0;
		};
		E21E0CEF18034FE300986B2C /* Resources */ = {
			isa = PBXResourcesBuildPhase;
			buildActionMask = 2147483647;
			files = (
				E21E0CFD18034FE300986B2C /* InfoPlist.strings in Resources */,
			);
			runOnlyForDeploymentPostprocessing = 0;
		};
/* End PBXResourcesBuildPhase section */

/* Begin PBXSourcesBuildPhase section */
		E21E0CD218034FE300986B2C /* Sources */ = {
			isa = PBXSourcesBuildPhase;
			buildActionMask = 2147483647;
			files = (
				E21E0D221803731500986B2C /* UIColor+Random.m in Sources */,
				E21E0D151803514600986B2C /* CollectionViewDataSource.m in Sources */,
				E21E0CEA18034FE300986B2C /* AppDelegate.m in Sources */,
				E21E0CE618034FE300986B2C /* main.m in Sources */,
				E21E0D1E180354C200986B2C /* DemoCollectionViewCell.m in Sources */,
				E21E0D12180350B000986B2C /* MyDemoLayout.m in Sources */,
				E21E0D0F1803506900986B2C /* DemoCollectionViewController.m in Sources */,
			);
			runOnlyForDeploymentPostprocessing = 0;
		};
		E21E0CED18034FE300986B2C /* Sources */ = {
			isa = PBXSourcesBuildPhase;
			buildActionMask = 2147483647;
			files = (
				E21E0CFF18034FE300986B2C /* CollectionViewDemoTests.m in Sources */,
			);
			runOnlyForDeploymentPostprocessing = 0;
		};
/* End PBXSourcesBuildPhase section */

/* Begin PBXTargetDependency section */
		E21E0CF718034FE300986B2C /* PBXTargetDependency */ = {
			isa = PBXTargetDependency;
			target = E21E0CD518034FE300986B2C /* CollectionViewDemo */;
			targetProxy = E21E0CF618034FE300986B2C /* PBXContainerItemProxy */;
		};
/* End PBXTargetDependency section */

/* Begin PBXVariantGroup section */
		E21E0CE218034FE300986B2C /* InfoPlist.strings */ = {
			isa = PBXVariantGroup;
			children = (
				E21E0CE318034FE300986B2C /* en */,
			);
			name = InfoPlist.strings;
			sourceTree = "<group>";
		};
		E21E0CFB18034FE300986B2C /* InfoPlist.strings */ = {
			isa = PBXVariantGroup;
			children = (
				E21E0CFC18034FE300986B2C /* en */,
			);
			name = InfoPlist.strings;
			sourceTree = "<group>";
		};
/* End PBXVariantGroup section */

/* Begin XCBuildConfiguration section */
		E21E0D0018034FE300986B2C /* Debug */ = {
			isa = XCBuildConfiguration;
			buildSettings = {
				ALWAYS_SEARCH_USER_PATHS = NO;
				ARCHS = "$(ARCHS_STANDARD_INCLUDING_64_BIT)";
				CLANG_CXX_LANGUAGE_STANDARD = "gnu++0x";
				CLANG_CXX_LIBRARY = "libc++";
				CLANG_ENABLE_MODULES = YES;
				CLANG_ENABLE_OBJC_ARC = YES;
				CLANG_WARN_BOOL_CONVERSION = YES;
				CLANG_WARN_CONSTANT_CONVERSION = YES;
				CLANG_WARN_DIRECT_OBJC_ISA_USAGE = YES_ERROR;
				CLANG_WARN_EMPTY_BODY = YES;
				CLANG_WARN_ENUM_CONVERSION = YES;
				CLANG_WARN_INT_CONVERSION = YES;
				CLANG_WARN_OBJC_ROOT_CLASS = YES_ERROR;
				CLANG_WARN__DUPLICATE_METHOD_MATCH = YES;
				"CODE_SIGN_IDENTITY[sdk=iphoneos*]" = "iPhone Developer";
				COPY_PHASE_STRIP = NO;
				GCC_C_LANGUAGE_STANDARD = gnu99;
				GCC_DYNAMIC_NO_PIC = NO;
				GCC_OPTIMIZATION_LEVEL = 0;
				GCC_PREPROCESSOR_DEFINITIONS = (
					"DEBUG=1",
					"$(inherited)",
				);
				GCC_SYMBOLS_PRIVATE_EXTERN = NO;
				GCC_WARN_64_TO_32_BIT_CONVERSION = YES;
				GCC_WARN_ABOUT_RETURN_TYPE = YES_ERROR;
				GCC_WARN_UNDECLARED_SELECTOR = YES;
				GCC_WARN_UNINITIALIZED_AUTOS = YES;
				GCC_WARN_UNUSED_FUNCTION = YES;
				GCC_WARN_UNUSED_VARIABLE = YES;
				IPHONEOS_DEPLOYMENT_TARGET = 7.0;
				ONLY_ACTIVE_ARCH = YES;
				SDKROOT = iphoneos;
			};
			name = Debug;
		};
		E21E0D0118034FE300986B2C /* Release */ = {
			isa = XCBuildConfiguration;
			buildSettings = {
				ALWAYS_SEARCH_USER_PATHS = NO;
				ARCHS = "$(ARCHS_STANDARD_INCLUDING_64_BIT)";
				CLANG_CXX_LANGUAGE_STANDARD = "gnu++0x";
				CLANG_CXX_LIBRARY = "libc++";
				CLANG_ENABLE_MODULES = YES;
				CLANG_ENABLE_OBJC_ARC = YES;
				CLANG_WARN_BOOL_CONVERSION = YES;
				CLANG_WARN_CONSTANT_CONVERSION = YES;
				CLANG_WARN_DIRECT_OBJC_ISA_USAGE = YES_ERROR;
				CLANG_WARN_EMPTY_BODY = YES;
				CLANG_WARN_ENUM_CONVERSION = YES;
				CLANG_WARN_INT_CONVERSION = YES;
				CLANG_WARN_OBJC_ROOT_CLASS = YES_ERROR;
				CLANG_WARN__DUPLICATE_METHOD_MATCH = YES;
				"CODE_SIGN_IDENTITY[sdk=iphoneos*]" = "iPhone Developer";
				COPY_PHASE_STRIP = YES;
				ENABLE_NS_ASSERTIONS = NO;
				GCC_C_LANGUAGE_STANDARD = gnu99;
				GCC_WARN_64_TO_32_BIT_CONVERSION = YES;
				GCC_WARN_ABOUT_RETURN_TYPE = YES_ERROR;
				GCC_WARN_UNDECLARED_SELECTOR = YES;
				GCC_WARN_UNINITIALIZED_AUTOS = YES;
				GCC_WARN_UNUSED_FUNCTION = YES;
				GCC_WARN_UNUSED_VARIABLE = YES;
				IPHONEOS_DEPLOYMENT_TARGET = 7.0;
				SDKROOT = iphoneos;
				VALIDATE_PRODUCT = YES;
			};
			name = Release;
		};
		E21E0D0318034FE300986B2C /* Debug */ = {
			isa = XCBuildConfiguration;
			buildSettings = {
				ASSETCATALOG_COMPILER_APPICON_NAME = AppIcon;
				ASSETCATALOG_COMPILER_LAUNCHIMAGE_NAME = LaunchImage;
				GCC_PRECOMPILE_PREFIX_HEADER = YES;
				GCC_PREFIX_HEADER = "CollectionViewDemo/CollectionViewDemo-Prefix.pch";
				INFOPLIST_FILE = "CollectionViewDemo/CollectionViewDemo-Info.plist";
				PRODUCT_NAME = "$(TARGET_NAME)";
				WRAPPER_EXTENSION = app;
			};
			name = Debug;
		};
		E21E0D0418034FE300986B2C /* Release */ = {
			isa = XCBuildConfiguration;
			buildSettings = {
				ASSETCATALOG_COMPILER_APPICON_NAME = AppIcon;
				ASSETCATALOG_COMPILER_LAUNCHIMAGE_NAME = LaunchImage;
				GCC_PRECOMPILE_PREFIX_HEADER = YES;
				GCC_PREFIX_HEADER = "CollectionViewDemo/CollectionViewDemo-Prefix.pch";
				INFOPLIST_FILE = "CollectionViewDemo/CollectionViewDemo-Info.plist";
				PRODUCT_NAME = "$(TARGET_NAME)";
				WRAPPER_EXTENSION = app;
			};
			name = Release;
		};
		E21E0D0618034FE300986B2C /* Debug */ = {
			isa = XCBuildConfiguration;
			buildSettings = {
				ARCHS = "$(ARCHS_STANDARD_INCLUDING_64_BIT)";
				BUNDLE_LOADER = "$(BUILT_PRODUCTS_DIR)/CollectionViewDemo.app/CollectionViewDemo";
				FRAMEWORK_SEARCH_PATHS = (
					"$(SDKROOT)/Developer/Library/Frameworks",
					"$(inherited)",
					"$(DEVELOPER_FRAMEWORKS_DIR)",
				);
				GCC_PRECOMPILE_PREFIX_HEADER = YES;
				GCC_PREFIX_HEADER = "CollectionViewDemo/CollectionViewDemo-Prefix.pch";
				GCC_PREPROCESSOR_DEFINITIONS = (
					"DEBUG=1",
					"$(inherited)",
				);
				INFOPLIST_FILE = "CollectionViewDemoTests/CollectionViewDemoTests-Info.plist";
				PRODUCT_NAME = "$(TARGET_NAME)";
				TEST_HOST = "$(BUNDLE_LOADER)";
				WRAPPER_EXTENSION = xctest;
			};
			name = Debug;
		};
		E21E0D0718034FE300986B2C /* Release */ = {
			isa = XCBuildConfiguration;
			buildSettings = {
				ARCHS = "$(ARCHS_STANDARD_INCLUDING_64_BIT)";
				BUNDLE_LOADER = "$(BUILT_PRODUCTS_DIR)/CollectionViewDemo.app/CollectionViewDemo";
				FRAMEWORK_SEARCH_PATHS = (
					"$(SDKROOT)/Developer/Library/Frameworks",
					"$(inherited)",
					"$(DEVELOPER_FRAMEWORKS_DIR)",
				);
				GCC_PRECOMPILE_PREFIX_HEADER = YES;
				GCC_PREFIX_HEADER = "CollectionViewDemo/CollectionViewDemo-Prefix.pch";
				INFOPLIST_FILE = "CollectionViewDemoTests/CollectionViewDemoTests-Info.plist";
				PRODUCT_NAME = "$(TARGET_NAME)";
				TEST_HOST = "$(BUNDLE_LOADER)";
				WRAPPER_EXTENSION = xctest;
			};
			name = Release;
		};
/* End XCBuildConfiguration section */

/* Begin XCConfigurationList section */
		E21E0CD118034FE200986B2C /* Build configuration list for PBXProject "CollectionViewDemo" */ = {
			isa = XCConfigurationList;
			buildConfigurations = (
				E21E0D0018034FE300986B2C /* Debug */,
				E21E0D0118034FE300986B2C /* Release */,
			);
			defaultConfigurationIsVisible = 0;
			defaultConfigurationName = Release;
		};
		E21E0D0218034FE300986B2C /* Build configuration list for PBXNativeTarget "CollectionViewDemo" */ = {
			isa = XCConfigurationList;
			buildConfigurations = (
				E21E0D0318034FE300986B2C /* Debug */,
				E21E0D0418034FE300986B2C /* Release */,
			);
			defaultConfigurationIsVisible = 0;
			defaultConfigurationName = Release;
		};
		E21E0D0518034FE300986B2C /* Build configuration list for PBXNativeTarget "CollectionViewDemoTests" */ = {
			isa = XCConfigurationList;
			buildConfigurations = (
				E21E0D0618034FE300986B2C /* Debug */,
				E21E0D0718034FE300986B2C /* Release */,
			);
			defaultConfigurationIsVisible = 0;
			defaultConfigurationName = Release;
		};
/* End XCConfigurationList section */
	};
	rootObject = E21E0CCE18034FE200986B2C /* Project object */;
}
